
Microsoft Visual Studio Solution File, Format Version 12.00
# Visual Studio Version 17
VisualStudioVersion = 17.13.35919.96 d17.13
MinimumVisualStudioVersion = 10.0.40219.1
Project("{FAE04EC0-301F-11D3-BF4B-00C04F79EFBC}") = "guitar-shop-api", "guitar-shop-api\guitar-shop-api.csproj", "{D08E9340-6ED7-4EC0-9624-9C10B2ADC28B}"
EndProject
Global
	GlobalSection(SolutionConfigurationPlatforms) = preSolution
		Debug|Any CPU = Debug|Any CPU
		Release|Any CPU = Release|Any CPU
	EndGlobalSection
	GlobalSection(ProjectConfigurationPlatforms) = postSolution
		{D08E9340-6ED7-4EC0-9624-9C10B2ADC28B}.Debug|Any CPU.ActiveCfg = Debug|Any CPU
		{D08E9340-6ED7-4EC0-9624-9C10B2ADC28B}.Debug|Any CPU.Build.0 = Debug|Any CPU
		{D08E9340-6ED7-4EC0-9624-9C10B2ADC28B}.Release|Any CPU.ActiveCfg = Release|Any CPU
		{D08E9340-6ED7-4EC0-9624-9C10B2ADC28B}.Release|Any CPU.Build.0 = Release|Any CPU
	EndGlobalSection
	GlobalSection(SolutionProperties) = preSolution
		HideSolutionNode = FALSE
	EndGlobalSection
	GlobalSection(ExtensibilityGlobals) = postSolution
		SolutionGuid = {9569F36B-F3F8-45A3-8962-ABB478820806}
	EndGlobalSection
EndGlobal
